lockfileVersion: 5.4

specifiers:
  '@codemirror/lang-markdown': ^6.1.0
  codemirror: ^6.0.1
  esbuild: ^0.17.13

dependencies:
  '@codemirror/lang-markdown': 6.1.0
  codemirror: 6.0.1

devDependencies:
  esbuild: 0.17.13

packages:

  /@codemirror/autocomplete/6.4.2:
    resolution: {integrity: sha512-8WE2xp+D0MpWEv5lZ6zPW1/tf4AGb358T5GWYiKEuCP8MvFfT3tH2mIF9Y2yr2e3KbHuSvsVhosiEyqCpiJhZQ==}
    dependencies:
      '@codemirror/language': 6.6.0
      '@codemirror/state': 6.2.0
      '@codemirror/view': 6.9.3
      '@lezer/common': 1.0.2
    dev: false

  /@codemirror/commands/6.2.2:
    resolution: {integrity: sha512-s9lPVW7TxXrI/7voZ+HmD/yiAlwAYn9PH5SUVSUhsxXHhv4yl5eZ3KLntSoTynfdgVYM0oIpccQEWRBQgmNZyw==}
    dependencies:
      '@codemirror/language': 6.6.0
      '@codemirror/state': 6.2.0
      '@codemirror/view': 6.9.3
      '@lezer/common': 1.0.2
    dev: false

  /@codemirror/lang-css/6.1.1:
    resolution: {integrity: sha512-P6jdNEHyRcqqDgbvHYyC9Wxkek0rnG3a9aVSRi4a7WrjPbQtBTaOmvYpXmm13zZMAatO4Oqpac+0QZs7sy+LnQ==}
    dependencies:
      '@codemirror/autocomplete': 6.4.2
      '@codemirror/language': 6.6.0
      '@codemirror/state': 6.2.0
      '@lezer/css': 1.1.1
    dev: false

  /@codemirror/lang-html/6.4.2:
    resolution: {integrity: sha512-bqCBASkteKySwtIbiV/WCtGnn/khLRbbiV5TE+d9S9eQJD7BA4c5dTRm2b3bVmSpilff5EYxvB4PQaZzM/7cNw==}
    dependencies:
      '@codemirror/autocomplete': 6.4.2
      '@codemirror/lang-css': 6.1.1
      '@codemirror/lang-javascript': 6.1.4
      '@codemirror/language': 6.6.0
      '@codemirror/state': 6.2.0
      '@codemirror/view': 6.9.3
      '@lezer/common': 1.0.2
      '@lezer/css': 1.1.1
      '@lezer/html': 1.3.3
    dev: false

  /@codemirror/lang-javascript/6.1.4:
    resolution: {integrity: sha512-OxLf7OfOZBTMRMi6BO/F72MNGmgOd9B0vetOLvHsDACFXayBzW8fm8aWnDM0yuy68wTK03MBf4HbjSBNRG5q7A==}
    dependencies:
      '@codemirror/autocomplete': 6.4.2
      '@codemirror/language': 6.6.0
      '@codemirror/lint': 6.2.0
      '@codemirror/state': 6.2.0
      '@codemirror/view': 6.9.3
      '@lezer/common': 1.0.2
      '@lezer/javascript': 1.4.1
    dev: false

  /@codemirror/lang-markdown/6.1.0:
    resolution: {integrity: sha512-HQDJg1Js19fPKKsI3Rp1X0J6mxyrRy2NX6+Evh0+/jGm6IZHL5ygMGKBYNWKXodoDQFvgdofNRG33gWOwV59Ag==}
    dependencies:
      '@codemirror/lang-html': 6.4.2
      '@codemirror/language': 6.6.0
      '@codemirror/state': 6.2.0
      '@codemirror/view': 6.9.3
      '@lezer/common': 1.0.2
      '@lezer/markdown': 1.0.2
    dev: false

  /@codemirror/language/6.6.0:
    resolution: {integrity: sha512-cwUd6lzt3MfNYOobdjf14ZkLbJcnv4WtndYaoBkbor/vF+rCNguMPK0IRtvZJG4dsWiaWPcK8x1VijhvSxnstg==}
    dependencies:
      '@codemirror/state': 6.2.0
      '@codemirror/view': 6.9.3
      '@lezer/common': 1.0.2
      '@lezer/highlight': 1.1.4
      '@lezer/lr': 1.3.3
      style-mod: 4.0.2
    dev: false

  /@codemirror/lint/6.2.0:
    resolution: {integrity: sha512-KVCECmR2fFeYBr1ZXDVue7x3q5PMI0PzcIbA+zKufnkniMBo1325t0h1jM85AKp8l3tj67LRxVpZfgDxEXlQkg==}
    dependencies:
      '@codemirror/state': 6.2.0
      '@codemirror/view': 6.9.3
      crelt: 1.0.5
    dev: false

  /@codemirror/search/6.3.0:
    resolution: {integrity: sha512-rBhZxzT34CarfhgCZGhaLBScABDN3iqJxixzNuINp9lrb3lzm0nTpR77G1VrxGO3HOGK7j62jcJftQM7eCOIuw==}
    dependencies:
      '@codemirror/state': 6.2.0
      '@codemirror/view': 6.9.3
      crelt: 1.0.5
    dev: false

  /@codemirror/state/6.2.0:
    resolution: {integrity: sha512-69QXtcrsc3RYtOtd+GsvczJ319udtBf1PTrr2KbLWM/e2CXUPnh0Nz9AUo8WfhSQ7GeL8dPVNUmhQVgpmuaNGA==}
    dev: false

  /@codemirror/view/6.9.3:
    resolution: {integrity: sha512-BJ5mvEIhFM+SrNwc5X8pLIvMM9ffjkviVbxpg84Xk2OE8ZyKaEbId8kX+nAYEEso7+qnbwsXe1bkAHsasebMow==}
    dependencies:
      '@codemirror/state': 6.2.0
      style-mod: 4.0.2
      w3c-keyname: 2.2.6
    dev: false

  /@esbuild/android-arm/0.17.13:
    resolution: {integrity: sha512-5tZZ/hLIfBmt7E8JsE5KbsknoAFmoElkg+A/gjyPtmSQvJjPf+9GsSJihid8VMa08lrsYyaEXOT9RLh3xXQONw==}
    engines: {node: '>=12'}
    cpu: [arm]
    os: [android]
    requiresBuild: true
    dev: true
    optional: true

  /@esbuild/android-arm64/0.17.13:
    resolution: {integrity: sha512-F5DgvJMV2ZEpLNpPCO7FEk1wy8O5tg6cikWSB6uvvncsgE1xgbPlm+Boio/4820C2/mj713X83X1h01v0qoeHg==}
    engines: {node: '>=12'}
    cpu: [arm64]
    os: [android]
    requiresBuild: true
    dev: true
    optional: true

  /@esbuild/android-x64/0.17.13:
    resolution: {integrity: sha512-5m1UUslzpfVrumG3m3Zv2x9VNAcvMOQWJy009y6jt10tcHpzIq2/b0I0k4fz0QYqGSNS1GteRIhVPN4H7OyCXg==}
    engines: {node: '>=12'}
    cpu: [x64]
    os: [android]
    requiresBuild: true
    dev: true
    optional: true

  /@esbuild/darwin-arm64/0.17.13:
    resolution: {integrity: sha512-TXbXp/05r7heRsG8yWwbHw9diay+wXIyRNcIHFoNARRIGahYbTW/qwJzE37zkfxLIUPHgR/SyLTUlnTICg14ag==}
    engines: {node: '>=12'}
    cpu: [arm64]
    os: [darwin]
    requiresBuild: true
    dev: true
    optional: true

  /@esbuild/darwin-x64/0.17.13:
    resolution: {integrity: sha512-Ku9Db2sblCxFvQdEO7X9nBaLR/S81uch81e2Q2+Os5z1NcnsFjuqhIYH0Gm6KNNpIKaEbC7gCLbiIPbLLMX4Pg==}
    engines: {node: '>=12'}
    cpu: [x64]
    os: [darwin]
    requiresBuild: true
    dev: true
    optional: true

  /@esbuild/freebsd-arm64/0.17.13:
    resolution: {integrity: sha512-t1T5/nIf2j+FdSf1Fa3dcU0cXycr0nK4xJe52qjWa+1I249mM5NBY1ODjiabZxZ0x3CG05y4fd9bxfDLy9kQtA==}
    engines: {node: '>=12'}
    cpu: [arm64]
    os: [freebsd]
    requiresBuild: true
    dev: true
    optional: true

  /@esbuild/freebsd-x64/0.17.13:
    resolution: {integrity: sha512-/zbkgEO4gY2qGZr9UNAGI38w/FwUY4bx4EC88k9VeiCKNr3ukNgwH/oIgB5Z9/OqpkNLlcS4w9e2d/MIiy5fbw==}
    engines: {node: '>=12'}
    cpu: [x64]
    os: [freebsd]
    requiresBuild: true
    dev: true
    optional: true

  /@esbuild/linux-arm/0.17.13:
    resolution: {integrity: sha512-RrhjzrCF6aCDH248nUAQoldnRmN7nHMxv85GOj5AH+qkxxYvcig7fnUmgANngntRu4btXhN9WKHMgQ5seERDMw==}
    engines: {node: '>=12'}
    cpu: [arm]
    os: [linux]
    requiresBuild: true
    dev: true
    optional: true

  /@esbuild/linux-arm64/0.17.13:
    resolution: {integrity: sha512-siu3QZrQ7eGrSttvFaRKyjT7kNRbUuHEKzCCyqRh19MbpGokGY13jbIsBEjx6JmH3T50hds325oweS9Ey2ihAQ==}
    engines: {node: '>=12'}
    cpu: [arm64]
    os: [linux]
    requiresBuild: true
    dev: true
    optional: true

  /@esbuild/linux-ia32/0.17.13:
    resolution: {integrity: sha512-ADHA1PqP5gIegehVP0RvxMmNPxpLgetI8QCwYOjUheGXKIKWSdUN8ZS3rusQv3NGZmFCpYdMZzFoI0QtzzGAdw==}
    engines: {node: '>=12'}
    cpu: [ia32]
    os: [linux]
    requiresBuild: true
    dev: true
    optional: true

  /@esbuild/linux-loong64/0.17.13:
    resolution: {integrity: sha512-n1JQPxETmR0brkpWlJHeohReEPLH+m00bnJdNnFyHN3zLBt1QypevuZSmnmFWsC+7r7HTwWILj3lBDjtPH3ydg==}
    engines: {node: '>=12'}
    cpu: [loong64]
    os: [linux]
    requiresBuild: true
    dev: true
    optional: true

  /@esbuild/linux-mips64el/0.17.13:
    resolution: {integrity: sha512-d0pnD/j5KKQ43xtSIvOD+wNIy6D/Vh9GbXVRa3u4zCyiJMYWjxkPkbBzlEgNjdDmUM+5gBFen9k7B8Xscy+Myg==}
    engines: {node: '>=12'}
    cpu: [mips64el]
    os: [linux]
    requiresBuild: true
    dev: true
    optional: true

  /@esbuild/linux-ppc64/0.17.13:
    resolution: {integrity: sha512-C9sMpa/VcGLjVtsT01sXtzZNS7bAZ+icUclkKkiUwBQ9hzT+J+/Xpj+EykI5hB3KgtxQVo4XUahanFoZNxbQ1g==}
    engines: {node: '>=12'}
    cpu: [ppc64]
    os: [linux]
    requiresBuild: true
    dev: true
    optional: true

  /@esbuild/linux-riscv64/0.17.13:
    resolution: {integrity: sha512-jYkc5EpNpvjccAHNYekiAtklusVGWftR0VVLtng7dJzDyy+5adAsf1fOG3LllP0WALxS55/w6boLE/728J/bXw==}
    engines: {node: '>=12'}
    cpu: [riscv64]
    os: [linux]
    requiresBuild: true
    dev: true
    optional: true

  /@esbuild/linux-s390x/0.17.13:
    resolution: {integrity: sha512-4jAJI5O6E/hATL4lsrG2A+noDjZ377KlATVFKwV3SWaNHj+OvoXe/T84ScQIXEtPI7ndJyLkMYruXj8RR5Ilyw==}
    engines: {node: '>=12'}
    cpu: [s390x]
    os: [linux]
    requiresBuild: true
    dev: true
    optional: true

  /@esbuild/linux-x64/0.17.13:
    resolution: {integrity: sha512-eFLQhJq98qijGRcv9je/9M4Mz1suZ+pOtj62ArsLd0gubNGhhQDz6T30X2X3f1KZ8lkKkr+zN5vtZzx1GAMoFw==}
    engines: {node: '>=12'}
    cpu: [x64]
    os: [linux]
    requiresBuild: true
    dev: true
    optional: true

  /@esbuild/netbsd-x64/0.17.13:
    resolution: {integrity: sha512-F8PXDeT+3eQpPjf4bmNJapPLu0SKKlWRGPQvBQqVS+YDGoMKnyyYp2UENLFMV8zT7kS39zKxZRZvUL3fMz/7Ww==}
    engines: {node: '>=12'}
    cpu: [x64]
    os: [netbsd]
    requiresBuild: true
    dev: true
    optional: true

  /@esbuild/openbsd-x64/0.17.13:
    resolution: {integrity: sha512-9jWfzbFCnIZdHjNs+00KQHArUbp7kjQDNmiuqkwGOQFs67m4/dKNupBv2DP5hTqVlQY4tW4RG3qpb6Y3zOHJeA==}
    engines: {node: '>=12'}
    cpu: [x64]
    os: [openbsd]
    requiresBuild: true
    dev: true
    optional: true

  /@esbuild/sunos-x64/0.17.13:
    resolution: {integrity: sha512-ALbOMlTIBkAVi6KqYjONa7u2oH95RN7OpetFqMtjufFLBiSaayRuwUzhs2yuR9CfGT4qi0jv6HQDav+EG314TQ==}
    engines: {node: '>=12'}
    cpu: [x64]
    os: [sunos]
    requiresBuild: true
    dev: true
    optional: true

  /@esbuild/win32-arm64/0.17.13:
    resolution: {integrity: sha512-FJBLYL4PkrZGeuHzEqme+0DjNetxkJ+XbB+Aoeow7aQ53JCwsA0/mo8sS5aPkDHgCnMkN4A5GLoFTlDj3BKDrQ==}
    engines: {node: '>=12'}
    cpu: [arm64]
    os: [win32]
    requiresBuild: true
    dev: true
    optional: true

  /@esbuild/win32-ia32/0.17.13:
    resolution: {integrity: sha512-Qrvst9RkLz4qgi3hqswNliYuKW92/HGJnd7xLWkGaGPa8S4qsONf81FW0ebDc5iUHb0I7QJwQATutvghTabnFA==}
    engines: {node: '>=12'}
    cpu: [ia32]
    os: [win32]
    requiresBuild: true
    dev: true
    optional: true

  /@esbuild/win32-x64/0.17.13:
    resolution: {integrity: sha512-pZ/NIgz861XaUPlIkPFjP55nJ4PJa0o/CD4zgeRb1Q9FVE+8GvdB6ifJcK05jRhny5hKExhnRFIdgHmmCYH8vg==}
    engines: {node: '>=12'}
    cpu: [x64]
    os: [win32]
    requiresBuild: true
    dev: true
    optional: true

  /@lezer/common/1.0.2:
    resolution: {integrity: sha512-SVgiGtMnMnW3ActR8SXgsDhw7a0w0ChHSYAyAUxxrOiJ1OqYWEKk/xJd84tTSPo1mo6DXLObAJALNnd0Hrv7Ng==}
    dev: false

  /@lezer/css/1.1.1:
    resolution: {integrity: sha512-mSjx+unLLapEqdOYDejnGBokB5+AiJKZVclmud0MKQOKx3DLJ5b5VTCstgDDknR6iIV4gVrN6euzsCnj0A2gQA==}
    dependencies:
      '@lezer/highlight': 1.1.4
      '@lezer/lr': 1.3.3
    dev: false

  /@lezer/highlight/1.1.4:
    resolution: {integrity: sha512-IECkFmw2l7sFcYXrV8iT9GeY4W0fU4CxX0WMwhmhMIVjoDdD1Hr6q3G2NqVtLg/yVe5n7i4menG3tJ2r4eCrPQ==}
    dependencies:
      '@lezer/common': 1.0.2
    dev: false

  /@lezer/html/1.3.3:
    resolution: {integrity: sha512-04Fyvu66DjV2EjhDIG1kfDdktn5Pfw56SXPrzKNQH5B2m7BDfc6bDsz+ZJG8dLS3kIPEKbyyq1Sm2/kjeG0+AA==}
    dependencies:
      '@lezer/common': 1.0.2
      '@lezer/highlight': 1.1.4
      '@lezer/lr': 1.3.3
    dev: false

  /@lezer/javascript/1.4.1:
    resolution: {integrity: sha512-Hqx36DJeYhKtdpc7wBYPR0XF56ZzIp0IkMO/zNNj80xcaFOV4Oj/P7TQc/8k2TxNhzl7tV5tXS8ZOCPbT4L3nA==}
    dependencies:
      '@lezer/highlight': 1.1.4
      '@lezer/lr': 1.3.3
    dev: false

  /@lezer/lr/1.3.3:
    resolution: {integrity: sha512-JPQe3mwJlzEVqy67iQiiGozhcngbO8QBgpqZM6oL1Wj/dXckrEexpBLeFkq0edtW5IqnPRFxA24BHJni8Js69w==}
    dependencies:
      '@lezer/common': 1.0.2
    dev: false

  /@lezer/markdown/1.0.2:
    resolution: {integrity: sha512-8CY0OoZ6V5EzPjSPeJ4KLVbtXdLBd8V6sRCooN5kHnO28ytreEGTyrtU/zUwo/XLRzGr/e1g44KlzKi3yWGB5A==}
    dependencies:
      '@lezer/common': 1.0.2
      '@lezer/highlight': 1.1.4
    dev: false

  /codemirror/6.0.1:
    resolution: {integrity: sha512-J8j+nZ+CdWmIeFIGXEFbFPtpiYacFMDR8GlHK3IyHQJMCaVRfGx9NT+Hxivv1ckLWPvNdZqndbr/7lVhrf/Svg==}
    dependencies:
      '@codemirror/autocomplete': 6.4.2
      '@codemirror/commands': 6.2.2
      '@codemirror/language': 6.6.0
      '@codemirror/lint': 6.2.0
      '@codemirror/search': 6.3.0
      '@codemirror/state': 6.2.0
      '@codemirror/view': 6.9.3
    dev: false

  /crelt/1.0.5:
    resolution: {integrity: sha512-+BO9wPPi+DWTDcNYhr/W90myha8ptzftZT+LwcmUbbok0rcP/fequmFYCw8NMoH7pkAZQzU78b3kYrlua5a9eA==}
    dev: false

  /esbuild/0.17.13:
    resolution: {integrity: sha512-4ixMwdErBcQHgTBeoxnowENCPKWFAGxgTyKHMK8gqn9sZaC7ZNWFKtim16g2rzQ2b/FYyy3lIUUJboFtjolhqg==}
    engines: {node: '>=12'}
    hasBin: true
    requiresBuild: true
    optionalDependencies:
      '@esbuild/android-arm': 0.17.13
      '@esbuild/android-arm64': 0.17.13
      '@esbuild/android-x64': 0.17.13
      '@esbuild/darwin-arm64': 0.17.13
      '@esbuild/darwin-x64': 0.17.13
      '@esbuild/freebsd-arm64': 0.17.13
      '@esbuild/freebsd-x64': 0.17.13
      '@esbuild/linux-arm': 0.17.13
      '@esbuild/linux-arm64': 0.17.13
      '@esbuild/linux-ia32': 0.17.13
      '@esbuild/linux-loong64': 0.17.13
      '@esbuild/linux-mips64el': 0.17.13
      '@esbuild/linux-ppc64': 0.17.13
      '@esbuild/linux-riscv64': 0.17.13
      '@esbuild/linux-s390x': 0.17.13
      '@esbuild/linux-x64': 0.17.13
      '@esbuild/netbsd-x64': 0.17.13
      '@esbuild/openbsd-x64': 0.17.13
      '@esbuild/sunos-x64': 0.17.13
      '@esbuild/win32-arm64': 0.17.13
      '@esbuild/win32-ia32': 0.17.13
      '@esbuild/win32-x64': 0.17.13
    dev: true

  /style-mod/4.0.2:
    resolution: {integrity: sha512-C4myMmRTO8iaC5Gg+N1ftK2WT4eXUTMAa+HEFPPrfVeO/NtqLTtAmV1HbqnuGtLwCek44Ra76fdGUkSqjiMPcQ==}
    dev: false

  /w3c-keyname/2.2.6:
    resolution: {integrity: sha512-f+fciywl1SJEniZHD6H+kUO8gOnwIr7f4ijKA6+ZvJFjeGi1r4PDLl53Ayud9O/rk64RqgoQine0feoeOU0kXg==}
    dev: false
